
Microsoft Visual Studio Solution File, Format Version 12.00
# Visual Studio Version 17
VisualStudioVersion = 17.8.34511.84
MinimumVisualStudioVersion = 10.0.40219.1
Project("{9A19103F-16F7-4668-BE54-9A1E7A4F7556}") = "TangyWeb_Server", "TangyWeb_Server\TangyWeb_Server.csproj", "{F2B8BE5E-9380-4D3C-B82A-07AB00FD68A1}"
EndProject
Project("{FAE04EC0-301F-11D3-BF4B-00C04F79EFBC}") = "TangyWeb_Client", "TangyWeb_Client\TangyWeb_Client.csproj", "{17517D05-4D86-497E-8A7C-01BE80CC3CBA}"
EndProject
Project("{FAE04EC0-301F-11D3-BF4B-00C04F79EFBC}") = "Tangy_Models", "Tangy_Models\Tangy_Models.csproj", "{F74AC11F-7C04-44AE-814F-E78E1C96826E}"
EndProject
Global
	GlobalSection(SolutionConfigurationPlatforms) = preSolution
		Debug|Any CPU = Debug|Any CPU
		Release|Any CPU = Release|Any CPU
	EndGlobalSection
	GlobalSection(ProjectConfigurationPlatforms) = postSolution
		{F2B8BE5E-9380-4D3C-B82A-07AB00FD68A1}.Debug|Any CPU.ActiveCfg = Debug|Any CPU
		{F2B8BE5E-9380-4D3C-B82A-07AB00FD68A1}.Debug|Any CPU.Build.0 = Debug|Any CPU
		{F2B8BE5E-9380-4D3C-B82A-07AB00FD68A1}.Release|Any CPU.ActiveCfg = Release|Any CPU
		{F2B8BE5E-9380-4D3C-B82A-07AB00FD68A1}.Release|Any CPU.Build.0 = Release|Any CPU
		{17517D05-4D86-497E-8A7C-01BE80CC3CBA}.Debug|Any CPU.ActiveCfg = Debug|Any CPU
		{17517D05-4D86-497E-8A7C-01BE80CC3CBA}.Debug|Any CPU.Build.0 = Debug|Any CPU
		{17517D05-4D86-497E-8A7C-01BE80CC3CBA}.Release|Any CPU.ActiveCfg = Release|Any CPU
		{17517D05-4D86-497E-8A7C-01BE80CC3CBA}.Release|Any CPU.Build.0 = Release|Any CPU
		{F74AC11F-7C04-44AE-814F-E78E1C96826E}.Debug|Any CPU.ActiveCfg = Debug|Any CPU
		{F74AC11F-7C04-44AE-814F-E78E1C96826E}.Debug|Any CPU.Build.0 = Debug|Any CPU
		{F74AC11F-7C04-44AE-814F-E78E1C96826E}.Release|Any CPU.ActiveCfg = Release|Any CPU
		{F74AC11F-7C04-44AE-814F-E78E1C96826E}.Release|Any CPU.Build.0 = Release|Any CPU
	EndGlobalSection
	GlobalSection(SolutionProperties) = preSolution
		HideSolutionNode = FALSE
	EndGlobalSection
	GlobalSection(ExtensibilityGlobals) = postSolution
		SolutionGuid = {F000C45D-7B6E-464F-BB26-1A418EFF1BA7}
	EndGlobalSection
EndGlobal
